// !$*UTF8*$!
{
	archiveVersion = 1;
	classes = {
	};
	objectVersion = 46;
	objects = {

/* Begin PBXBuildFile section */
		4D6B99C419015C740042EB7E /* Foundation.framework in Frameworks */ = {isa = PBXBuildFile; fileRef = 4D6B99C319015C740042EB7E /* Foundation.framework */; };
		4D6B99C619015C740042EB7E /* CoreGraphics.framework in Frameworks */ = {isa = PBXBuildFile; fileRef = 4D6B99C519015C740042EB7E /* CoreGraphics.framework */; };
		4D6B99C819015C750042EB7E /* UIKit.framework in Frameworks */ = {isa = PBXBuildFile; fileRef = 4D6B99C719015C750042EB7E /* UIKit.framework */; };
		4D6B99CE19015C750042EB7E /* InfoPlist.strings in Resources */ = {isa = PBXBuildFile; fileRef = 4D6B99CC19015C750042EB7E /* InfoPlist.strings */; };
		4D6B99D019015C750042EB7E /* main.m in Sources */ = {isa = PBXBuildFile; fileRef = 4D6B99CF19015C750042EB7E /* main.m */; };
		4D6B99D419015C750042EB7E /* AppDelegate.m in Sources */ = {isa = PBXBuildFile; fileRef = 4D6B99D319015C750042EB7E /* AppDelegate.m */; };
		4D6B99D719015C750042EB7E /* Main_iPhone.storyboard in Resources */ = {isa = PBXBuildFile; fileRef = 4D6B99D519015C750042EB7E /* Main_iPhone.storyboard */; };
		4D6B99DA19015C750042EB7E /* Main_iPad.storyboard in Resources */ = {isa = PBXBuildFile; fileRef = 4D6B99D819015C750042EB7E /* Main_iPad.storyboard */; };
		4D6B99DD19015C750042EB7E /* ViewController.m in Sources */ = {isa = PBXBuildFile; fileRef = 4D6B99DC19015C750042EB7E /* ViewController.m */; };
		4D6B99DF19015C750042EB7E /* Images.xcassets in Resources */ = {isa = PBXBuildFile; fileRef = 4D6B99DE19015C750042EB7E /* Images.xcassets */; };
		4D6B99E619015C750042EB7E /* XCTest.framework in Frameworks */ = {isa = PBXBuildFile; fileRef = 4D6B99E519015C750042EB7E /* XCTest.framework */; };
		4D6B99E719015C750042EB7E /* Foundation.framework in Frameworks */ = {isa = PBXBuildFile; fileRef = 4D6B99C319015C740042EB7E /* Foundation.framework */; };
		4D6B99E819015C750042EB7E /* UIKit.framework in Frameworks */ = {isa = PBXBuildFile; fileRef = 4D6B99C719015C750042EB7E /* UIKit.framework */; };
		4D6B99F019015C750042EB7E /* InfoPlist.strings in Resources */ = {isa = PBXBuildFile; fileRef = 4D6B99EE19015C750042EB7E /* InfoPlist.strings */; };
		4D6B99F219015C750042EB7E /* buyItTests.m in Sources */ = {isa = PBXBuildFile; fileRef = 4D6B99F119015C750042EB7E /* buyItTests.m */; };
		4D6B99FE190163DB0042EB7E /* ListItemView.xib in Resources */ = {isa = PBXBuildFile; fileRef = 4D6B99FD190163DB0042EB7E /* ListItemView.xib */; };
		4D6B9A02190166860042EB7E /* CreateListView.xib in Resources */ = {isa = PBXBuildFile; fileRef = 4D6B9A01190166860042EB7E /* CreateListView.xib */; };
		4D6B9A051901678C0042EB7E /* ListItemView.m in Sources */ = {isa = PBXBuildFile; fileRef = 4D6B9A041901678C0042EB7E /* ListItemView.m */; };
		4D6B9A08190167A40042EB7E /* CreateListView.m in Sources */ = {isa = PBXBuildFile; fileRef = 4D6B9A07190167A40042EB7E /* CreateListView.m */; };
		4D6B9A0A19016E090042EB7E /* 2 image.png in Resources */ = {isa = PBXBuildFile; fileRef = 4D6B9A0919016E090042EB7E /* 2 image.png */; };
		4D6B9A0D19016FB80042EB7E /* DataSource.m in Sources */ = {isa = PBXBuildFile; fileRef = 4D6B9A0C19016FB80042EB7E /* DataSource.m */; };
/* End PBXBuildFile section */

/* Begin PBXContainerItemProxy section */
		4D6B99E919015C750042EB7E /* PBXContainerItemProxy */ = {
			isa = PBXContainerItemProxy;
			containerPortal = 4D6B99B819015C740042EB7E /* Project object */;
			proxyType = 1;
			remoteGlobalIDString = 4D6B99BF19015C740042EB7E;
			remoteInfo = buyIt;
		};
/* End PBXContainerItemProxy section */

/* Begin PBXFileReference section */
		4D6B99C019015C740042EB7E /* buyIt.app */ = {isa = PBXFileReference; explicitFileType = wrapper.application; includeInIndex = 0; path = buyIt.app; sourceTree = BUILT_PRODUCTS_DIR; };
		4D6B99C319015C740042EB7E /* Foundation.framework */ = {isa = PBXFileReference; lastKnownFileType = wrapper.framework; name = Foundation.framework; path = System/Library/Frameworks/Foundation.framework; sourceTree = SDKROOT; };
		4D6B99C519015C740042EB7E /* CoreGraphics.framework */ = {isa = PBXFileReference; lastKnownFileType = wrapper.framework; name = CoreGraphics.framework; path = System/Library/Frameworks/CoreGraphics.framework; sourceTree = SDKROOT; };
		4D6B99C719015C750042EB7E /* UIKit.framework */ = {isa = PBXFileReference; lastKnownFileType = wrapper.framework; name = UIKit.framework; path = System/Library/Frameworks/UIKit.framework; sourceTree = SDKROOT; };
		4D6B99CB19015C750042EB7E /* buyIt-Info.plist */ = {isa = PBXFileReference; lastKnownFileType = text.plist.xml; path = "buyIt-Info.plist"; sourceTree = "<group>"; };
		4D6B99CD19015C750042EB7E /* en */ = {isa = PBXFileReference; lastKnownFileType = text.plist.strings; name = en; path = en.lproj/InfoPlist.strings; sourceTree = "<group>"; };
		4D6B99CF19015C750042EB7E /* main.m */ = {isa = PBXFileReference; lastKnownFileType = sourcecode.c.objc; path = main.m; sourceTree = "<group>"; };
		4D6B99D119015C750042EB7E /* buyIt-Prefix.pch */ = {isa = PBXFileReference; lastKnownFileType = sourcecode.c.h; path = "buyIt-Prefix.pch"; sourceTree = "<group>"; };
		4D6B99D219015C750042EB7E /* AppDelegate.h */ = {isa = PBXFileReference; lastKnownFileType = sourcecode.c.h; path = AppDelegate.h; sourceTree = "<group>"; };
		4D6B99D319015C750042EB7E /* AppDelegate.m */ = {isa = PBXFileReference; lastKnownFileType = sourcecode.c.objc; path = AppDelegate.m; sourceTree = "<group>"; };
		4D6B99D619015C750042EB7E /* Base */ = {isa = PBXFileReference; lastKnownFileType = file.storyboard; name = Base; path = Base.lproj/Main_iPhone.storyboard; sourceTree = "<group>"; };
		4D6B99D919015C750042EB7E /* Base */ = {isa = PBXFileReference; lastKnownFileType = file.storyboard; name = Base; path = Base.lproj/Main_iPad.storyboard; sourceTree = "<group>"; };
		4D6B99DB19015C750042EB7E /* ViewController.h */ = {isa = PBXFileReference; lastKnownFileType = sourcecode.c.h; path = ViewController.h; sourceTree = "<group>"; };
		4D6B99DC19015C750042EB7E /* ViewController.m */ = {isa = PBXFileReference; lastKnownFileType = sourcecode.c.objc; path = ViewController.m; sourceTree = "<group>"; };
		4D6B99DE19015C750042EB7E /* Images.xcassets */ = {isa = PBXFileReference; lastKnownFileType = folder.assetcatalog; path = Images.xcassets; sourceTree = "<group>"; };
		4D6B99E419015C750042EB7E /* buyItTests.xctest */ = {isa = PBXFileReference; explicitFileType = wrapper.cfbundle; includeInIndex = 0; path = buyItTests.xctest; sourceTree = BUILT_PRODUCTS_DIR; };
		4D6B99E519015C750042EB7E /* XCTest.framework */ = {isa = PBXFileReference; lastKnownFileType = wrapper.framework; name = XCTest.framework; path = Library/Frameworks/XCTest.framework; sourceTree = DEVELOPER_DIR; };
		4D6B99ED19015C750042EB7E /* buyItTests-Info.plist */ = {isa = PBXFileReference; lastKnownFileType = text.plist.xml; path = "buyItTests-Info.plist"; sourceTree = "<group>"; };
		4D6B99EF19015C750042EB7E /* en */ = {isa = PBXFileReference; lastKnownFileType = text.plist.strings; name = en; path = en.lproj/InfoPlist.strings; sourceTree = "<group>"; };
		4D6B99F119015C750042EB7E /* buyItTests.m */ = {isa = PBXFileReference; lastKnownFileType = sourcecode.c.objc; path = buyItTests.m; sourceTree = "<group>"; };
		4D6B99FD190163DB0042EB7E /* ListItemView.xib */ = {isa = PBXFileReference; fileEncoding = 4; lastKnownFileType = file.xib; path = ListItemView.xib; sourceTree = "<group>"; };
		4D6B9A01190166860042EB7E /* CreateListView.xib */ = {isa = PBXFileReference; fileEncoding = 4; lastKnownFileType = file.xib; path = CreateListView.xib; sourceTree = "<group>"; };
		4D6B9A031901678C0042EB7E /* ListItemView.h */ = {isa = PBXFileReference; fileEncoding = 4; lastKnownFileType = sourcecode.c.h; path = ListItemView.h; sourceTree = "<group>"; };
		4D6B9A041901678C0042EB7E /* ListItemView.m */ = {isa = PBXFileReference; fileEncoding = 4; lastKnownFileType = sourcecode.c.objc; path = ListItemView.m; sourceTree = "<group>"; };
		4D6B9A06190167A40042EB7E /* CreateListView.h */ = {isa = PBXFileReference; fileEncoding = 4; lastKnownFileType = sourcecode.c.h; path = CreateListView.h; sourceTree = "<group>"; };
		4D6B9A07190167A40042EB7E /* CreateListView.m */ = {isa = PBXFileReference; fileEncoding = 4; lastKnownFileType = sourcecode.c.objc; path = CreateListView.m; sourceTree = "<group>"; };
		4D6B9A0919016E090042EB7E /* 2 image.png */ = {isa = PBXFileReference; lastKnownFileType = image.png; path = "2 image.png"; sourceTree = "<group>"; };
		4D6B9A0B19016FB80042EB7E /* DataSource.h */ = {isa = PBXFileReference; fileEncoding = 4; lastKnownFileType = sourcecode.c.h; path = DataSource.h; sourceTree = "<group>"; };
		4D6B9A0C19016FB80042EB7E /* DataSource.m */ = {isa = PBXFileReference; fileEncoding = 4; lastKnownFileType = sourcecode.c.objc; path = DataSource.m; sourceTree = "<group>"; };
/* End PBXFileReference section */

/* Begin PBXFrameworksBuildPhase section */
		4D6B99BD19015C740042EB7E /* Frameworks */ = {
			isa = PBXFrameworksBuildPhase;
			buildActionMask = 2147483647;
			files = (
				4D6B99C619015C740042EB7E /* CoreGraphics.framework in Frameworks */,
				4D6B99C819015C750042EB7E /* UIKit.framework in Frameworks */,
				4D6B99C419015C740042EB7E /* Foundation.framework in Frameworks */,
			);
			runOnlyForDeploymentPostprocessing = 0;
		};
		4D6B99E119015C750042EB7E /* Frameworks */ = {
			isa = PBXFrameworksBuildPhase;
			buildActionMask = 2147483647;
			files = (
				4D6B99E619015C750042EB7E /* XCTest.framework in Frameworks */,
				4D6B99E819015C750042EB7E /* UIKit.framework in Frameworks */,
				4D6B99E719015C750042EB7E /* Foundation.framework in Frameworks */,
			);
			runOnlyForDeploymentPostprocessing = 0;
		};
/* End PBXFrameworksBuildPhase section */

/* Begin PBXGroup section */
		4D6B99B719015C740042EB7E = {
			isa = PBXGroup;
			children = (
				4D6B99C919015C750042EB7E /* buyIt */,
				4D6B99EB19015C750042EB7E /* buyItTests */,
				4D6B99C219015C740042EB7E /* Frameworks */,
				4D6B99C119015C740042EB7E /* Products */,
			);
			sourceTree = "<group>";
		};
		4D6B99C119015C740042EB7E /* Products */ = {
			isa = PBXGroup;
			children = (
				4D6B99C019015C740042EB7E /* buyIt.app */,
				4D6B99E419015C750042EB7E /* buyItTests.xctest */,
			);
			name = Products;
			sourceTree = "<group>";
		};
		4D6B99C219015C740042EB7E /* Frameworks */ = {
			isa = PBXGroup;
			children = (
				4D6B99C319015C740042EB7E /* Foundation.framework */,
				4D6B99C519015C740042EB7E /* CoreGraphics.framework */,
				4D6B99C719015C750042EB7E /* UIKit.framework */,
				4D6B99E519015C750042EB7E /* XCTest.framework */,
			);
			name = Frameworks;
			sourceTree = "<group>";
		};
		4D6B99C919015C750042EB7E /* buyIt */ = {
			isa = PBXGroup;
			children = (
				4D6B99D219015C750042EB7E /* AppDelegate.h */,
				4D6B99D319015C750042EB7E /* AppDelegate.m */,
				4D6B99D519015C750042EB7E /* Main_iPhone.storyboard */,
				4D6B99D819015C750042EB7E /* Main_iPad.storyboard */,
				4D6B99DB19015C750042EB7E /* ViewController.h */,
				4D6B99DC19015C750042EB7E /* ViewController.m */,
				4D6B99DE19015C750042EB7E /* Images.xcassets */,
				4D6B99CA19015C750042EB7E /* Supporting Files */,
				4D6B99FD190163DB0042EB7E /* ListItemView.xib */,
				4D6B9A01190166860042EB7E /* CreateListView.xib */,
				4D6B9A031901678C0042EB7E /* ListItemView.h */,
				4D6B9A041901678C0042EB7E /* ListItemView.m */,
				4D6B9A06190167A40042EB7E /* CreateListView.h */,
				4D6B9A07190167A40042EB7E /* CreateListView.m */,
				4D6B9A0B19016FB80042EB7E /* DataSource.h */,
				4D6B9A0C19016FB80042EB7E /* DataSource.m */,
			);
			path = buyIt;
			sourceTree = "<group>";
		};
		4D6B99CA19015C750042EB7E /* Supporting Files */ = {
			isa = PBXGroup;
			children = (
				4D6B9A0919016E090042EB7E /* 2 image.png */,
				4D6B99CB19015C750042EB7E /* buyIt-Info.plist */,
				4D6B99CC19015C750042EB7E /* InfoPlist.strings */,
				4D6B99CF19015C750042EB7E /* main.m */,
				4D6B99D119015C750042EB7E /* buyIt-Prefix.pch */,
			);
			name = "Supporting Files";
			sourceTree = "<group>";
		};
		4D6B99EB19015C750042EB7E /* buyItTests */ = {
			isa = PBXGroup;
			children = (
				4D6B99F119015C750042EB7E /* buyItTests.m */,
				4D6B99EC19015C750042EB7E /* Supporting Files */,
			);
			path = buyItTests;
			sourceTree = "<group>";
		};
		4D6B99EC19015C750042EB7E /* Supporting Files */ = {
			isa = PBXGroup;
			children = (
				4D6B99ED19015C750042EB7E /* buyItTests-Info.plist */,
				4D6B99EE19015C750042EB7E /* InfoPlist.strings */,
			);
			name = "Supporting Files";
			sourceTree = "<group>";
		};
/* End PBXGroup section */

/* Begin PBXNativeTarget section */
		4D6B99BF19015C740042EB7E /* buyIt */ = {
			isa = PBXNativeTarget;
			buildConfigurationList = 4D6B99F519015C750042EB7E /* Build configuration list for PBXNativeTarget "buyIt" */;
			buildPhases = (
				4D6B99BC19015C740042EB7E /* Sources */,
				4D6B99BD19015C740042EB7E /* Frameworks */,
				4D6B99BE19015C740042EB7E /* Resources */,
			);
			buildRules = (
			);
			dependencies = (
			);
			name = buyIt;
			productName = buyIt;
			productReference = 4D6B99C019015C740042EB7E /* buyIt.app */;
			productType = "com.apple.product-type.application";
		};
		4D6B99E319015C750042EB7E /* buyItTests */ = {
			isa = PBXNativeTarget;
			buildConfigurationList = 4D6B99F819015C750042EB7E /* Build configuration list for PBXNativeTarget "buyItTests" */;
			buildPhases = (
				4D6B99E019015C750042EB7E /* Sources */,
				4D6B99E119015C750042EB7E /* Frameworks */,
				4D6B99E219015C750042EB7E /* Resources */,
			);
			buildRules = (
			);
			dependencies = (
				4D6B99EA19015C750042EB7E /* PBXTargetDependency */,
			);
			name = buyItTests;
			productName = buyItTests;
			productReference = 4D6B99E419015C750042EB7E /* buyItTests.xctest */;
			productType = "com.apple.product-type.bundle.unit-test";
		};
/* End PBXNativeTarget section */

/* Begin PBXProject section */
		4D6B99B819015C740042EB7E /* Project object */ = {
			isa = PBXProject;
			attributes = {
				LastUpgradeCheck = 0510;
				ORGANIZATIONNAME = alla;
				TargetAttributes = {
					4D6B99E319015C750042EB7E = {
						TestTargetID = 4D6B99BF19015C740042EB7E;
					};
				};
			};
			buildConfigurationList = 4D6B99BB19015C740042EB7E /* Build configuration list for PBXProject "buyIt" */;
			compatibilityVersion = "Xcode 3.2";
			developmentRegion = English;
			hasScannedForEncodings = 0;
			knownRegions = (
				en,
				Base,
			);
			mainGroup = 4D6B99B719015C740042EB7E;
			productRefGroup = 4D6B99C119015C740042EB7E /* Products */;
			projectDirPath = "";
			projectRoot = "";
			targets = (
				4D6B99BF19015C740042EB7E /* buyIt */,
				4D6B99E319015C750042EB7E /* buyItTests */,
			);
		};
/* End PBXProject section */

/* Begin PBXResourcesBuildPhase section */
		4D6B99BE19015C740042EB7E /* Resources */ = {
			isa = PBXResourcesBuildPhase;
			buildActionMask = 2147483647;
			files = (
				4D6B99DA19015C750042EB7E /* Main_iPad.storyboard in Resources */,
				4D6B99DF19015C750042EB7E /* Images.xcassets in Resources */,
				4D6B9A0A19016E090042EB7E /* 2 image.png in Resources */,
				4D6B99D719015C750042EB7E /* Main_iPhone.storyboard in Resources */,
				4D6B99CE19015C750042EB7E /* InfoPlist.strings in Resources */,
				4D6B9A02190166860042EB7E /* CreateListView.xib in Resources */,
				4D6B99FE190163DB0042EB7E /* ListItemView.xib in Resources */,
			);
			runOnlyForDeploymentPostprocessing = 0;
		};
		4D6B99E219015C750042EB7E /* Resources */ = {
			isa = PBXResourcesBuildPhase;
			buildActionMask = 2147483647;
			files = (
				4D6B99F019015C750042EB7E /* InfoPlist.strings in Resources */,
			);
			runOnlyForDeploymentPostprocessing = 0;
		};
/* End PBXResourcesBuildPhase section */

/* Begin PBXSourcesBuildPhase section */
		4D6B99BC19015C740042EB7E /* Sources */ = {
			isa = PBXSourcesBuildPhase;
			buildActionMask = 2147483647;
			files = (
				4D6B99DD19015C750042EB7E /* ViewController.m in Sources */,
				4D6B99D419015C750042EB7E /* AppDelegate.m in Sources */,
				4D6B9A0D19016FB80042EB7E /* DataSource.m in Sources */,
				4D6B99D019015C750042EB7E /* main.m in Sources */,
				4D6B9A08190167A40042EB7E /* CreateListView.m in Sources */,
				4D6B9A051901678C0042EB7E /* ListItemView.m in Sources */,
			);
			runOnlyForDeploymentPostprocessing = 0;
		};
		4D6B99E019015C750042EB7E /* Sources */ = {
			isa = PBXSourcesBuildPhase;
			buildActionMask = 2147483647;
			files = (
				4D6B99F219015C750042EB7E /* buyItTests.m in Sources */,
			);
			runOnlyForDeploymentPostprocessing = 0;
		};
/* End PBXSourcesBuildPhase section */

/* Begin PBXTargetDependency section */
		4D6B99EA19015C750042EB7E /* PBXTargetDependency */ = {
			isa = PBXTargetDependency;
			target = 4D6B99BF19015C740042EB7E /* buyIt */;
			targetProxy = 4D6B99E919015C750042EB7E /* PBXContainerItemProxy */;
		};
/* End PBXTargetDependency section */

/* Begin PBXVariantGroup section */
		4D6B99CC19015C750042EB7E /* InfoPlist.strings */ = {
			isa = PBXVariantGroup;
			children = (
				4D6B99CD19015C750042EB7E /* en */,
			);
			name = InfoPlist.strings;
			sourceTree = "<group>";
		};
		4D6B99D519015C750042EB7E /* Main_iPhone.storyboard */ = {
			isa = PBXVariantGroup;
			children = (
				4D6B99D619015C750042EB7E /* Base */,
			);
			name = Main_iPhone.storyboard;
			sourceTree = "<group>";
		};
		4D6B99D819015C750042EB7E /* Main_iPad.storyboard */ = {
			isa = PBXVariantGroup;
			children = (
				4D6B99D919015C750042EB7E /* Base */,
			);
			name = Main_iPad.storyboard;
			sourceTree = "<group>";
		};
		4D6B99EE19015C750042EB7E /* InfoPlist.strings */ = {
			isa = PBXVariantGroup;
			children = (
				4D6B99EF19015C750042EB7E /* en */,
			);
			name = InfoPlist.strings;
			sourceTree = "<group>";
		};
/* End PBXVariantGroup section */

/* Begin XCBuildConfiguration section */
		4D6B99F319015C750042EB7E /* Debug */ = {
			isa = XCBuildConfiguration;
			buildSettings = {
				ALWAYS_SEARCH_USER_PATHS = NO;
				CLANG_CXX_LANGUAGE_STANDARD = "gnu++0x";
				CLANG_CXX_LIBRARY = "libc++";
				CLANG_ENABLE_MODULES = YES;
				CLANG_ENABLE_OBJC_ARC = YES;
				CLANG_WARN_BOOL_CONVERSION = YES;
				CLANG_WARN_CONSTANT_CONVERSION = YES;
				CLANG_WARN_DIRECT_OBJC_ISA_USAGE = YES_ERROR;
				CLANG_WARN_EMPTY_BODY = YES;
				CLANG_WARN_ENUM_CONVERSION = YES;
				CLANG_WARN_INT_CONVERSION = YES;
				CLANG_WARN_OBJC_ROOT_CLASS = YES_ERROR;
				CLANG_WARN__DUPLICATE_METHOD_MATCH = YES;
				"CODE_SIGN_IDENTITY[sdk=iphoneos*]" = "iPhone Developer";
				COPY_PHASE_STRIP = NO;
				GCC_C_LANGUAGE_STANDARD = gnu99;
				GCC_DYNAMIC_NO_PIC = NO;
				GCC_OPTIMIZATION_LEVEL = 0;
				GCC_PREPROCESSOR_DEFINITIONS = (
					"DEBUG=1",
					"$(inherited)",
				);
				GCC_SYMBOLS_PRIVATE_EXTERN = NO;
				GCC_WARN_64_TO_32_BIT_CONVERSION = YES;
				GCC_WARN_ABOUT_RETURN_TYPE = YES_ERROR;
				GCC_WARN_UNDECLARED_SELECTOR = YES;
				GCC_WARN_UNINITIALIZED_AUTOS = YES_AGGRESSIVE;
				GCC_WARN_UNUSED_FUNCTION = YES;
				GCC_WARN_UNUSED_VARIABLE = YES;
				IPHONEOS_DEPLOYMENT_TARGET = 7.1;
				ONLY_ACTIVE_ARCH = YES;
				SDKROOT = iphoneos;
				TARGETED_DEVICE_FAMILY = "1,2";
			};
			name = Debug;
		};
		4D6B99F419015C750042EB7E /* Release */ = {
			isa = XCBuildConfiguration;
			buildSettings = {
				ALWAYS_SEARCH_USER_PATHS = NO;
				CLANG_CXX_LANGUAGE_STANDARD = "gnu++0x";
				CLANG_CXX_LIBRARY = "libc++";
				CLANG_ENABLE_MODULES = YES;
				CLANG_ENABLE_OBJC_ARC = YES;
				CLANG_WARN_BOOL_CONVERSION = YES;
				CLANG_WARN_CONSTANT_CONVERSION = YES;
				CLANG_WARN_DIRECT_OBJC_ISA_USAGE = YES_ERROR;
				CLANG_WARN_EMPTY_BODY = YES;
				CLANG_WARN_ENUM_CONVERSION = YES;
				CLANG_WARN_INT_CONVERSION = YES;
				CLANG_WARN_OBJC_ROOT_CLASS = YES_ERROR;
				CLANG_WARN__DUPLICATE_METHOD_MATCH = YES;
				"CODE_SIGN_IDENTITY[sdk=iphoneos*]" = "iPhone Developer";
				COPY_PHASE_STRIP = YES;
				ENABLE_NS_ASSERTIONS = NO;
				GCC_C_LANGUAGE_STANDARD = gnu99;
				GCC_WARN_64_TO_32_BIT_CONVERSION = YES;
				GCC_WARN_ABOUT_RETURN_TYPE = YES_ERROR;
				GCC_WARN_UNDECLARED_SELECTOR = YES;
				GCC_WARN_UNINITIALIZED_AUTOS = YES_AGGRESSIVE;
				GCC_WARN_UNUSED_FUNCTION = YES;
				GCC_WARN_UNUSED_VARIABLE = YES;
				IPHONEOS_DEPLOYMENT_TARGET = 7.1;
				SDKROOT = iphoneos;
				TARGETED_DEVICE_FAMILY = "1,2";
				VALIDATE_PRODUCT = YES;
			};
			name = Release;
		};
		4D6B99F619015C750042EB7E /* Debug */ = {
			isa = XCBuildConfiguration;
			buildSettings = {
				ASSETCATALOG_COMPILER_APPICON_NAME = AppIcon;
				ASSETCATALOG_COMPILER_LAUNCHIMAGE_NAME = LaunchImage;
				GCC_PRECOMPILE_PREFIX_HEADER = YES;
				GCC_PREFIX_HEADER = "buyIt/buyIt-Prefix.pch";
				INFOPLIST_FILE = "buyIt/buyIt-Info.plist";
				PRODUCT_NAME = "$(TARGET_NAME)";
				WRAPPER_EXTENSION = app;
			};
			name = Debug;
		};
		4D6B99F719015C750042EB7E /* Release */ = {
			isa = XCBuildConfiguration;
			buildSettings = {
				ASSETCATALOG_COMPILER_APPICON_NAME = AppIcon;
				ASSETCATALOG_COMPILER_LAUNCHIMAGE_NAME = LaunchImage;
				GCC_PRECOMPILE_PREFIX_HEADER = YES;
				GCC_PREFIX_HEADER = "buyIt/buyIt-Prefix.pch";
				INFOPLIST_FILE = "buyIt/buyIt-Info.plist";
				PRODUCT_NAME = "$(TARGET_NAME)";
				WRAPPER_EXTENSION = app;
			};
			name = Release;
		};
		4D6B99F919015C750042EB7E /* Debug */ = {
			isa = XCBuildConfiguration;
			buildSettings = {
				BUNDLE_LOADER = "$(BUILT_PRODUCTS_DIR)/buyIt.app/buyIt";
				FRAMEWORK_SEARCH_PATHS = (
					"$(SDKROOT)/Developer/Library/Frameworks",
					"$(inherited)",
					"$(DEVELOPER_FRAMEWORKS_DIR)",
				);
				GCC_PRECOMPILE_PREFIX_HEADER = YES;
				GCC_PREFIX_HEADER = "buyIt/buyIt-Prefix.pch";
				GCC_PREPROCESSOR_DEFINITIONS = (
					"DEBUG=1",
					"$(inherited)",
				);
				INFOPLIST_FILE = "buyItTests/buyItTests-Info.plist";
				PRODUCT_NAME = "$(TARGET_NAME)";
				TEST_HOST = "$(BUNDLE_LOADER)";
				WRAPPER_EXTENSION = xctest;
			};
			name = Debug;
		};
		4D6B99FA19015C750042EB7E /* Release */ = {
			isa = XCBuildConfiguration;
			buildSettings = {
				BUNDLE_LOADER = "$(BUILT_PRODUCTS_DIR)/buyIt.app/buyIt";
				FRAMEWORK_SEARCH_PATHS = (
					"$(SDKROOT)/Developer/Library/Frameworks",
					"$(inherited)",
					"$(DEVELOPER_FRAMEWORKS_DIR)",
				);
				GCC_PRECOMPILE_PREFIX_HEADER = YES;
				GCC_PREFIX_HEADER = "buyIt/buyIt-Prefix.pch";
				INFOPLIST_FILE = "buyItTests/buyItTests-Info.plist";
				PRODUCT_NAME = "$(TARGET_NAME)";
				TEST_HOST = "$(BUNDLE_LOADER)";
				WRAPPER_EXTENSION = xctest;
			};
			name = Release;
		};
/* End XCBuildConfiguration section */

/* Begin XCConfigurationList section */
		4D6B99BB19015C740042EB7E /* Build configuration list for PBXProject "buyIt" */ = {
			isa = XCConfigurationList;
			buildConfigurations = (
				4D6B99F319015C750042EB7E /* Debug */,
				4D6B99F419015C750042EB7E /* Release */,
			);
			defaultConfigurationIsVisible = 0;
			defaultConfigurationName = Release;
		};
		4D6B99F519015C750042EB7E /* Build configuration list for PBXNativeTarget "buyIt" */ = {
			isa = XCConfigurationList;
			buildConfigurations = (
				4D6B99F619015C750042EB7E /* Debug */,
				4D6B99F719015C750042EB7E /* Release */,
			);
			defaultConfigurationIsVisible = 0;
		};
		4D6B99F819015C750042EB7E /* Build configuration list for PBXNativeTarget "buyItTests" */ = {
			isa = XCConfigurationList;
			buildConfigurations = (
				4D6B99F919015C750042EB7E /* Debug */,
				4D6B99FA19015C750042EB7E /* Release */,
			);
			defaultConfigurationIsVisible = 0;
		};
/* End XCConfigurationList section */
	};
	rootObject = 4D6B99B819015C740042EB7E /* Project object */;
}
